github.com/kelseyhightower/envconfig v1.4.0 h1:Im6hONhd3pLkfDFsbRgu68RDNkGF1r3dvMUtDTo2cv8=
github.com/kelseyhightower/envconfig v1.4.0/go.mod h1:cccZRl6mQpaq41TPp5QxidR+Sa3axMbJDNb//FQX6Gg=
github.com/spiegel-im-spiegel/errs v0.3.4 h1:lqiLtlT2ex7zpYS+WNWFuFX2x/o8RnG/UeaA8CFRYeE=
github.com/spiegel-im-spiegel/errs v0.3.4/go.mod h1:NwHSe6m3oAhRj2bAkkbzz9xAffIDNcP9uTdyJd9fJNs=
github.com/spiegel-im-spiegel/pa-api v0.6.0 h1:jKLmwNA345bK6lCMMbFZRGaYhwRVejoeB2slHn7z/b0=
github.com/spiegel-im-spiegel/pa-api v0.6.0/go.mod h1:5Am+C07Y8o4yyKZ4PqLsW8hYwsLxADbXHXQf9YEhM9A=
